
Microsoft Visual Studio Solution File, Format Version 12.00
# Visual Studio Version 17
VisualStudioVersion = 17.0.32014.148
MinimumVisualStudioVersion = 10.0.40219.1
Project("{FAE04EC0-301F-11D3-BF4B-00C04F79EFBC}") = "Unity.Project", "Unity.Project\Unity.Project.csproj", "{B268D01E-C8EC-49B6-9B7D-B086D5EA4327}"
EndProject
Global
	GlobalSection(SolutionConfigurationPlatforms) = preSolution
		Debug|Any CPU = Debug|Any CPU
		Release|Any CPU = Release|Any CPU
	EndGlobalSection
	GlobalSection(ProjectConfigurationPlatforms) = postSolution
		{B268D01E-C8EC-49B6-9B7D-B086D5EA4327}.Debug|Any CPU.ActiveCfg = Debug|Any CPU
		{B268D01E-C8EC-49B6-9B7D-B086D5EA4327}.Debug|Any CPU.Build.0 = Debug|Any CPU
		{B268D01E-C8EC-49B6-9B7D-B086D5EA4327}.Release|Any CPU.ActiveCfg = Release|Any CPU
		{B268D01E-C8EC-49B6-9B7D-B086D5EA4327}.Release|Any CPU.Build.0 = Release|Any CPU
	EndGlobalSection
	GlobalSection(SolutionProperties) = preSolution
		HideSolutionNode = FALSE
	EndGlobalSection
	GlobalSection(ExtensibilityGlobals) = postSolution
		SolutionGuid = {745408A3-A97B-4E6A-A272-AE8D47EA830E}
	EndGlobalSection
EndGlobal
